// !$*UTF8*$!
{
	archiveVersion = 1;
	classes = {
	};
	objectVersion = 77;
	objects = {

/* Begin PBXBuildFile section */
		51561D082D743FFA009A4668 /* FirebaseAuth in Frameworks */ = {isa = PBXBuildFile; productRef = 51561D072D743FFA009A4668 /* FirebaseAuth */; };
		51561D0A2D743FFA009A4668 /* FirebaseAuthCombine-Community in Frameworks */ = {isa = PBXBuildFile; productRef = 51561D092D743FFA009A4668 /* FirebaseAuthCombine-Community */; };
		516FADF92D64FF4A00AA8CD4 /* SwiftProtobuf in Frameworks */ = {isa = PBXBuildFile; productRef = 516FADF82D64FF4A00AA8CD4 /* SwiftProtobuf */; };
		516FADFB2D64FF4A00AA8CD4 /* SwiftProtobufPluginLibrary in Frameworks */ = {isa = PBXBuildFile; productRef = 516FADFA2D64FF4A00AA8CD4 /* SwiftProtobufPluginLibrary */; };
		516FADFD2D64FF4A00AA8CD4 /* protoc-gen-swift in Frameworks */ = {isa = PBXBuildFile; productRef = 516FADFC2D64FF4A00AA8CD4 /* protoc-gen-swift */; };
		516FAE1C2D651C0600AA8CD4 /* FirebaseCore in Frameworks */ = {isa = PBXBuildFile; productRef = 516FAE1B2D651C0600AA8CD4 /* FirebaseCore */; };
		516FAE1E2D651C0600AA8CD4 /* FirebaseDatabase in Frameworks */ = {isa = PBXBuildFile; productRef = 516FAE1D2D651C0600AA8CD4 /* FirebaseDatabase */; };
		516FAE202D651C0600AA8CD4 /* FirebaseFirestore in Frameworks */ = {isa = PBXBuildFile; productRef = 516FAE1F2D651C0600AA8CD4 /* FirebaseFirestore */; };
		516FAE222D651C0600AA8CD4 /* FirebaseFirestoreCombine-Community in Frameworks */ = {isa = PBXBuildFile; productRef = 516FAE212D651C0600AA8CD4 /* FirebaseFirestoreCombine-Community */; };
		516FAE242D651C0600AA8CD4 /* FirebaseStorage in Frameworks */ = {isa = PBXBuildFile; productRef = 516FAE232D651C0600AA8CD4 /* FirebaseStorage */; };
		516FAE262D651C0600AA8CD4 /* FirebaseStorageCombine-Community in Frameworks */ = {isa = PBXBuildFile; productRef = 516FAE252D651C0600AA8CD4 /* FirebaseStorageCombine-Community */; };
/* End PBXBuildFile section */

/* Begin PBXFileReference section */
		516FADDD2D64F4BA00AA8CD4 /* DelhiBus.app */ = {isa = PBXFileReference; explicitFileType = wrapper.application; includeInIndex = 0; path = DelhiBus.app; sourceTree = BUILT_PRODUCTS_DIR; };
/* End PBXFileReference section */

/* Begin PBXFileSystemSynchronizedRootGroup section */
		516FADDF2D64F4BA00AA8CD4 /* DelhiBus */ = {
			isa = PBXFileSystemSynchronizedRootGroup;
			path = DelhiBus;
			sourceTree = "<group>";
		};
/* End PBXFileSystemSynchronizedRootGroup section */

/* Begin PBXFrameworksBuildPhase section */
		516FADDA2D64F4BA00AA8CD4 /* Frameworks */ = {
			isa = PBXFrameworksBuildPhase;
			buildActionMask = 2147483647;
			files = (
				516FAE1E2D651C0600AA8CD4 /* FirebaseDatabase in Frameworks */,
				51561D082D743FFA009A4668 /* FirebaseAuth in Frameworks */,
				516FADFB2D64FF4A00AA8CD4 /* SwiftProtobufPluginLibrary in Frameworks */,
				516FADF92D64FF4A00AA8CD4 /* SwiftProtobuf in Frameworks */,
				516FAE1C2D651C0600AA8CD4 /* FirebaseCore in Frameworks */,
				516FADFD2D64FF4A00AA8CD4 /* protoc-gen-swift in Frameworks */,
				51561D0A2D743FFA009A4668 /* FirebaseAuthCombine-Community in Frameworks */,
				516FAE242D651C0600AA8CD4 /* FirebaseStorage in Frameworks */,
				516FAE202D651C0600AA8CD4 /* FirebaseFirestore in Frameworks */,
				516FAE262D651C0600AA8CD4 /* FirebaseStorageCombine-Community in Frameworks */,
				516FAE222D651C0600AA8CD4 /* FirebaseFirestoreCombine-Community in Frameworks */,
			);
			runOnlyForDeploymentPostprocessing = 0;
		};
/* End PBXFrameworksBuildPhase section */

/* Begin PBXGroup section */
		516FADD42D64F4BA00AA8CD4 = {
			isa = PBXGroup;
			children = (
				516FADDF2D64F4BA00AA8CD4 /* DelhiBus */,
				516FADDE2D64F4BA00AA8CD4 /* Products */,
			);
			sourceTree = "<group>";
		};
		516FADDE2D64F4BA00AA8CD4 /* Products */ = {
			isa = PBXGroup;
			children = (
				516FADDD2D64F4BA00AA8CD4 /* DelhiBus.app */,
			);
			name = Products;
			sourceTree = "<group>";
		};
/* End PBXGroup section */

/* Begin PBXNativeTarget section */
		516FADDC2D64F4BA00AA8CD4 /* DelhiBus */ = {
			isa = PBXNativeTarget;
			buildConfigurationList = 516FADEC2D64F4BC00AA8CD4 /* Build configuration list for PBXNativeTarget "DelhiBus" */;
			buildPhases = (
				516FADD92D64F4BA00AA8CD4 /* Sources */,
				516FADDA2D64F4BA00AA8CD4 /* Frameworks */,
				516FADDB2D64F4BA00AA8CD4 /* Resources */,
			);
			buildRules = (
			);
			dependencies = (
			);
			fileSystemSynchronizedGroups = (
				516FADDF2D64F4BA00AA8CD4 /* DelhiBus */,
			);
			name = DelhiBus;
			packageProductDependencies = (
				516FADF82D64FF4A00AA8CD4 /* SwiftProtobuf */,
				516FADFA2D64FF4A00AA8CD4 /* SwiftProtobufPluginLibrary */,
				516FADFC2D64FF4A00AA8CD4 /* protoc-gen-swift */,
				516FAE1B2D651C0600AA8CD4 /* FirebaseCore */,
				516FAE1D2D651C0600AA8CD4 /* FirebaseDatabase */,
				516FAE1F2D651C0600AA8CD4 /* FirebaseFirestore */,
				516FAE212D651C0600AA8CD4 /* FirebaseFirestoreCombine-Community */,
				516FAE232D651C0600AA8CD4 /* FirebaseStorage */,
				516FAE252D651C0600AA8CD4 /* FirebaseStorageCombine-Community */,
				51561D072D743FFA009A4668 /* FirebaseAuth */,
				51561D092D743FFA009A4668 /* FirebaseAuthCombine-Community */,
			);
			productName = DelhiBus;
			productReference = 516FADDD2D64F4BA00AA8CD4 /* DelhiBus.app */;
			productType = "com.apple.product-type.application";
		};
/* End PBXNativeTarget section */

/* Begin PBXProject section */
		516FADD52D64F4BA00AA8CD4 /* Project object */ = {
			isa = PBXProject;
			attributes = {
				BuildIndependentTargetsInParallel = 1;
				LastSwiftUpdateCheck = 1620;
				LastUpgradeCheck = 1620;
				TargetAttributes = {
					516FADDC2D64F4BA00AA8CD4 = {
						CreatedOnToolsVersion = 16.2;
					};
				};
			};
			buildConfigurationList = 516FADD82D64F4BA00AA8CD4 /* Build configuration list for PBXProject "DelhiBus" */;
			developmentRegion = en;
			hasScannedForEncodings = 0;
			knownRegions = (
				en,
				Base,
			);
			mainGroup = 516FADD42D64F4BA00AA8CD4;
			minimizedProjectReferenceProxies = 1;
			packageReferences = (
				516FADF72D64FF4A00AA8CD4 /* XCRemoteSwiftPackageReference "swift-protobuf" */,
				516FAE1A2D651C0600AA8CD4 /* XCRemoteSwiftPackageReference "firebase-ios-sdk" */,
			);
			preferredProjectObjectVersion = 77;
			productRefGroup = 516FADDE2D64F4BA00AA8CD4 /* Products */;
			projectDirPath = "";
			projectRoot = "";
			targets = (
				516FADDC2D64F4BA00AA8CD4 /* DelhiBus */,
			);
		};
/* End PBXProject section */

/* Begin PBXResourcesBuildPhase section */
		516FADDB2D64F4BA00AA8CD4 /* Resources */ = {
			isa = PBXResourcesBuildPhase;
			buildActionMask = 2147483647;
			files = (
			);
			runOnlyForDeploymentPostprocessing = 0;
		};
/* End PBXResourcesBuildPhase section */

/* Begin PBXSourcesBuildPhase section */
		516FADD92D64F4BA00AA8CD4 /* Sources */ = {
			isa = PBXSourcesBuildPhase;
			buildActionMask = 2147483647;
			files = (
			);
			runOnlyForDeploymentPostprocessing = 0;
		};
/* End PBXSourcesBuildPhase section */

/* Begin XCBuildConfiguration section */
		516FADEA2D64F4BC00AA8CD4 /* Debug */ = {
			isa = XCBuildConfiguration;
			buildSettings = {
				ALWAYS_SEARCH_USER_PATHS = NO;
				ASSETCATALOG_COMPILER_GENERATE_SWIFT_ASSET_SYMBOL_EXTENSIONS = YES;
				CLANG_ANALYZER_NONNULL = YES;
				CLANG_ANALYZER_NUMBER_OBJECT_CONVERSION = YES_AGGRESSIVE;
				CLANG_CXX_LANGUAGE_STANDARD = "gnu++20";
				CLANG_ENABLE_MODULES = YES;
				CLANG_ENABLE_OBJC_ARC = YES;
				CLANG_ENABLE_OBJC_WEAK = YES;
				CLANG_WARN_BLOCK_CAPTURE_AUTORELEASING = YES;
				CLANG_WARN_BOOL_CONVERSION = YES;
				CLANG_WARN_COMMA = YES;
				CLANG_WARN_CONSTANT_CONVERSION = YES;
				CLANG_WARN_DEPRECATED_OBJC_IMPLEMENTATIONS = YES;
				CLANG_WARN_DIRECT_OBJC_ISA_USAGE = YES_ERROR;
				CLANG_WARN_DOCUMENTATION_COMMENTS = YES;
				CLANG_WARN_EMPTY_BODY = YES;
				CLANG_WARN_ENUM_CONVERSION = YES;
				CLANG_WARN_INFINITE_RECURSION = YES;
				CLANG_WARN_INT_CONVERSION = YES;
				CLANG_WARN_NON_LITERAL_NULL_CONVERSION = YES;
				CLANG_WARN_OBJC_IMPLICIT_RETAIN_SELF = YES;
				CLANG_WARN_OBJC_LITERAL_CONVERSION = YES;
				CLANG_WARN_OBJC_ROOT_CLASS = YES_ERROR;
				CLANG_WARN_QUOTED_INCLUDE_IN_FRAMEWORK_HEADER = YES;
				CLANG_WARN_RANGE_LOOP_ANALYSIS = YES;
				CLANG_WARN_STRICT_PROTOTYPES = YES;
				CLANG_WARN_SUSPICIOUS_MOVE = YES;
				CLANG_WARN_UNGUARDED_AVAILABILITY = YES_AGGRESSIVE;
				CLANG_WARN_UNREACHABLE_CODE = YES;
				CLANG_WARN__DUPLICATE_METHOD_MATCH = YES;
				COPY_PHASE_STRIP = NO;
				DEBUG_INFORMATION_FORMAT = dwarf;
				ENABLE_STRICT_OBJC_MSGSEND = YES;
				ENABLE_TESTABILITY = YES;
				ENABLE_USER_SCRIPT_SANDBOXING = YES;
				GCC_C_LANGUAGE_STANDARD = gnu17;
				GCC_DYNAMIC_NO_PIC = NO;
				GCC_NO_COMMON_BLOCKS = YES;
				GCC_OPTIMIZATION_LEVEL = 0;
				GCC_PREPROCESSOR_DEFINITIONS = (
					"DEBUG=1",
					"$(inherited)",
				);
				GCC_WARN_64_TO_32_BIT_CONVERSION = YES;
				GCC_WARN_ABOUT_RETURN_TYPE = YES_ERROR;
				GCC_WARN_UNDECLARED_SELECTOR = YES;
				GCC_WARN_UNINITIALIZED_AUTOS = YES_AGGRESSIVE;
				GCC_WARN_UNUSED_FUNCTION = YES;
				GCC_WARN_UNUSED_VARIABLE = YES;
				LOCALIZATION_PREFERS_STRING_CATALOGS = YES;
				MTL_ENABLE_DEBUG_INFO = INCLUDE_SOURCE;
				MTL_FAST_MATH = YES;
				ONLY_ACTIVE_ARCH = YES;
				SWIFT_ACTIVE_COMPILATION_CONDITIONS = "DEBUG $(inherited)";
				SWIFT_OPTIMIZATION_LEVEL = "-Onone";
			};
			name = Debug;
		};
		516FADEB2D64F4BC00AA8CD4 /* Release */ = {
			isa = XCBuildConfiguration;
			buildSettings = {
				ALWAYS_SEARCH_USER_PATHS = NO;
				ASSETCATALOG_COMPILER_GENERATE_SWIFT_ASSET_SYMBOL_EXTENSIONS = YES;
				CLANG_ANALYZER_NONNULL = YES;
				CLANG_ANALYZER_NUMBER_OBJECT_CONVERSION = YES_AGGRESSIVE;
				CLANG_CXX_LANGUAGE_STANDARD = "gnu++20";
				CLANG_ENABLE_MODULES = YES;
				CLANG_ENABLE_OBJC_ARC = YES;
				CLANG_ENABLE_OBJC_WEAK = YES;
				CLANG_WARN_BLOCK_CAPTURE_AUTORELEASING = YES;
				CLANG_WARN_BOOL_CONVERSION = YES;
				CLANG_WARN_COMMA = YES;
				CLANG_WARN_CONSTANT_CONVERSION = YES;
				CLANG_WARN_DEPRECATED_OBJC_IMPLEMENTATIONS = YES;
				CLANG_WARN_DIRECT_OBJC_ISA_USAGE = YES_ERROR;
				CLANG_WARN_DOCUMENTATION_COMMENTS = YES;
				CLANG_WARN_EMPTY_BODY = YES;
				CLANG_WARN_ENUM_CONVERSION = YES;
				CLANG_WARN_INFINITE_RECURSION = YES;
				CLANG_WARN_INT_CONVERSION = YES;
				CLANG_WARN_NON_LITERAL_NULL_CONVERSION = YES;
				CLANG_WARN_OBJC_IMPLICIT_RETAIN_SELF = YES;
				CLANG_WARN_OBJC_LITERAL_CONVERSION = YES;
				CLANG_WARN_OBJC_ROOT_CLASS = YES_ERROR;
				CLANG_WARN_QUOTED_INCLUDE_IN_FRAMEWORK_HEADER = YES;
				CLANG_WARN_RANGE_LOOP_ANALYSIS = YES;
				CLANG_WARN_STRICT_PROTOTYPES = YES;
				CLANG_WARN_SUSPICIOUS_MOVE = YES;
				CLANG_WARN_UNGUARDED_AVAILABILITY = YES_AGGRESSIVE;
				CLANG_WARN_UNREACHABLE_CODE = YES;
				CLANG_WARN__DUPLICATE_METHOD_MATCH = YES;
				COPY_PHASE_STRIP = NO;
				DEBUG_INFORMATION_FORMAT = "dwarf-with-dsym";
				ENABLE_NS_ASSERTIONS = NO;
				ENABLE_STRICT_OBJC_MSGSEND = YES;
				ENABLE_USER_SCRIPT_SANDBOXING = YES;
				GCC_C_LANGUAGE_STANDARD = gnu17;
				GCC_NO_COMMON_BLOCKS = YES;
				GCC_WARN_64_TO_32_BIT_CONVERSION = YES;
				GCC_WARN_ABOUT_RETURN_TYPE = YES_ERROR;
				GCC_WARN_UNDECLARED_SELECTOR = YES;
				GCC_WARN_UNINITIALIZED_AUTOS = YES_AGGRESSIVE;
				GCC_WARN_UNUSED_FUNCTION = YES;
				GCC_WARN_UNUSED_VARIABLE = YES;
				LOCALIZATION_PREFERS_STRING_CATALOGS = YES;
				MTL_ENABLE_DEBUG_INFO = NO;
				MTL_FAST_MATH = YES;
				SWIFT_COMPILATION_MODE = wholemodule;
			};
			name = Release;
		};
		516FADED2D64F4BC00AA8CD4 /* Debug */ = {
			isa = XCBuildConfiguration;
			buildSettings = {
				ASSETCATALOG_COMPILER_APPICON_NAME = AppIcon;
				ASSETCATALOG_COMPILER_GLOBAL_ACCENT_COLOR_NAME = AccentColor;
				ASSETCATALOG_COMPILER_INCLUDE_ALL_APPICON_ASSETS = NO;
				CODE_SIGN_ENTITLEMENTS = DelhiBus/DelhiBus.entitlements;
				CODE_SIGN_STYLE = Automatic;
				CURRENT_PROJECT_VERSION = 1;
				DEVELOPMENT_ASSET_PATHS = "\"DelhiBus/Preview Content\"";
				DEVELOPMENT_TEAM = 246JPY34SF;
				ENABLE_HARDENED_RUNTIME = YES;
				ENABLE_PREVIEWS = YES;
				GENERATE_INFOPLIST_FILE = YES;
				INFOPLIST_KEY_CFBundleDisplayName = Gaman;
				INFOPLIST_KEY_LSApplicationCategoryType = "public.app-category.travel";
				INFOPLIST_KEY_NSLocationWhenInUseUsageDescription = "";
				"INFOPLIST_KEY_UIApplicationSceneManifest_Generation[sdk=iphoneos*]" = YES;
				"INFOPLIST_KEY_UIApplicationSceneManifest_Generation[sdk=iphonesimulator*]" = YES;
				"INFOPLIST_KEY_UIApplicationSupportsIndirectInputEvents[sdk=iphoneos*]" = YES;
				"INFOPLIST_KEY_UIApplicationSupportsIndirectInputEvents[sdk=iphonesimulator*]" = YES;
				"INFOPLIST_KEY_UILaunchScreen_Generation[sdk=iphoneos*]" = YES;
				"INFOPLIST_KEY_UILaunchScreen_Generation[sdk=iphonesimulator*]" = YES;
				"INFOPLIST_KEY_UIStatusBarStyle[sdk=iphoneos*]" = UIStatusBarStyleDefault;
				"INFOPLIST_KEY_UIStatusBarStyle[sdk=iphonesimulator*]" = UIStatusBarStyleDefault;
				INFOPLIST_KEY_UISupportedInterfaceOrientations = UIInterfaceOrientationPortrait;
				IPHONEOS_DEPLOYMENT_TARGET = 18.2;
				LD_RUNPATH_SEARCH_PATHS = "@executable_path/Frameworks";
				"LD_RUNPATH_SEARCH_PATHS[sdk=macosx*]" = "@executable_path/../Frameworks";
				MACOSX_DEPLOYMENT_TARGET = 15.2;
				MARKETING_VERSION = 1.0;
				PRODUCT_BUNDLE_IDENTIFIER = com.Amaank8797.DelhiBus;
				PRODUCT_NAME = "$(TARGET_NAME)";
				SDKROOT = auto;
				SUPPORTED_PLATFORMS = "iphoneos iphonesimulator macosx xros xrsimulator";
				SWIFT_EMIT_LOC_STRINGS = YES;
				SWIFT_VERSION = 5.0;
				TARGETED_DEVICE_FAMILY = "1,2,7";
				XROS_DEPLOYMENT_TARGET = 2.2;
			};
			name = Debug;
		};
		516FADEE2D64F4BC00AA8CD4 /* Release */ = {
			isa = XCBuildConfiguration;
			buildSettings = {
				ASSETCATALOG_COMPILER_APPICON_NAME = AppIcon;
				ASSETCATALOG_COMPILER_GLOBAL_ACCENT_COLOR_NAME = AccentColor;
				ASSETCATALOG_COMPILER_INCLUDE_ALL_APPICON_ASSETS = NO;
				CODE_SIGN_ENTITLEMENTS = DelhiBus/DelhiBus.entitlements;
				CODE_SIGN_STYLE = Automatic;
				CURRENT_PROJECT_VERSION = 1;
				DEVELOPMENT_ASSET_PATHS = "\"DelhiBus/Preview Content\"";
				DEVELOPMENT_TEAM = 246JPY34SF;
				ENABLE_HARDENED_RUNTIME = YES;
				ENABLE_PREVIEWS = YES;
				GENERATE_INFOPLIST_FILE = YES;
				INFOPLIST_KEY_CFBundleDisplayName = Gaman;
				INFOPLIST_KEY_LSApplicationCategoryType = "public.app-category.travel";
				INFOPLIST_KEY_NSLocationWhenInUseUsageDescription = "";
				"INFOPLIST_KEY_UIApplicationSceneManifest_Generation[sdk=iphoneos*]" = YES;
				"INFOPLIST_KEY_UIApplicationSceneManifest_Generation[sdk=iphonesimulator*]" = YES;
				"INFOPLIST_KEY_UIApplicationSupportsIndirectInputEvents[sdk=iphoneos*]" = YES;
				"INFOPLIST_KEY_UIApplicationSupportsIndirectInputEvents[sdk=iphonesimulator*]" = YES;
				"INFOPLIST_KEY_UILaunchScreen_Generation[sdk=iphoneos*]" = YES;
				"INFOPLIST_KEY_UILaunchScreen_Generation[sdk=iphonesimulator*]" = YES;
				"INFOPLIST_KEY_UIStatusBarStyle[sdk=iphoneos*]" = UIStatusBarStyleDefault;
				"INFOPLIST_KEY_UIStatusBarStyle[sdk=iphonesimulator*]" = UIStatusBarStyleDefault;
				INFOPLIST_KEY_UISupportedInterfaceOrientations = UIInterfaceOrientationPortrait;
				IPHONEOS_DEPLOYMENT_TARGET = 18.2;
				LD_RUNPATH_SEARCH_PATHS = "@executable_path/Frameworks";
				"LD_RUNPATH_SEARCH_PATHS[sdk=macosx*]" = "@executable_path/../Frameworks";
				MACOSX_DEPLOYMENT_TARGET = 15.2;
				MARKETING_VERSION = 1.0;
				PRODUCT_BUNDLE_IDENTIFIER = com.Amaank8797.DelhiBus;
				PRODUCT_NAME = "$(TARGET_NAME)";
				SDKROOT = auto;
				SUPPORTED_PLATFORMS = "iphoneos iphonesimulator macosx xros xrsimulator";
				SWIFT_EMIT_LOC_STRINGS = YES;
				SWIFT_VERSION = 5.0;
				TARGETED_DEVICE_FAMILY = "1,2,7";
				XROS_DEPLOYMENT_TARGET = 2.2;
			};
			name = Release;
		};
/* End XCBuildConfiguration section */

/* Begin XCConfigurationList section */
		516FADD82D64F4BA00AA8CD4 /* Build configuration list for PBXProject "DelhiBus" */ = {
			isa = XCConfigurationList;
			buildConfigurations = (
				516FADEA2D64F4BC00AA8CD4 /* Debug */,
				516FADEB2D64F4BC00AA8CD4 /* Release */,
			);
			defaultConfigurationIsVisible = 0;
			defaultConfigurationName = Release;
		};
		516FADEC2D64F4BC00AA8CD4 /* Build configuration list for PBXNativeTarget "DelhiBus" */ = {
			isa = XCConfigurationList;
			buildConfigurations = (
				516FADED2D64F4BC00AA8CD4 /* Debug */,
				516FADEE2D64F4BC00AA8CD4 /* Release */,
			);
			defaultConfigurationIsVisible = 0;
			defaultConfigurationName = Release;
		};
/* End XCConfigurationList section */

/* Begin XCRemoteSwiftPackageReference section */
		516FADF72D64FF4A00AA8CD4 /* XCRemoteSwiftPackageReference "swift-protobuf" */ = {
			isa = XCRemoteSwiftPackageReference;
			repositoryURL = "https://github.com/apple/swift-protobuf.git";
			requirement = {
				kind = upToNextMajorVersion;
				minimumVersion = 1.28.2;
			};
		};
		516FAE1A2D651C0600AA8CD4 /* XCRemoteSwiftPackageReference "firebase-ios-sdk" */ = {
			isa = XCRemoteSwiftPackageReference;
			repositoryURL = "https://github.com/firebase/firebase-ios-sdk";
			requirement = {
				kind = upToNextMajorVersion;
				minimumVersion = 11.8.1;
			};
		};
/* End XCRemoteSwiftPackageReference section */

/* Begin XCSwiftPackageProductDependency section */
		51561D072D743FFA009A4668 /* FirebaseAuth */ = {
			isa = XCSwiftPackageProductDependency;
			package = 516FAE1A2D651C0600AA8CD4 /* XCRemoteSwiftPackageReference "firebase-ios-sdk" */;
			productName = FirebaseAuth;
		};
		51561D092D743FFA009A4668 /* FirebaseAuthCombine-Community */ = {
			isa = XCSwiftPackageProductDependency;
			package = 516FAE1A2D651C0600AA8CD4 /* XCRemoteSwiftPackageReference "firebase-ios-sdk" */;
			productName = "FirebaseAuthCombine-Community";
		};
		516FADF82D64FF4A00AA8CD4 /* SwiftProtobuf */ = {
			isa = XCSwiftPackageProductDependency;
			package = 516FADF72D64FF4A00AA8CD4 /* XCRemoteSwiftPackageReference "swift-protobuf" */;
			productName = SwiftProtobuf;
		};
		516FADFA2D64FF4A00AA8CD4 /* SwiftProtobufPluginLibrary */ = {
			isa = XCSwiftPackageProductDependency;
			package = 516FADF72D64FF4A00AA8CD4 /* XCRemoteSwiftPackageReference "swift-protobuf" */;
			productName = SwiftProtobufPluginLibrary;
		};
		516FADFC2D64FF4A00AA8CD4 /* protoc-gen-swift */ = {
			isa = XCSwiftPackageProductDependency;
			package = 516FADF72D64FF4A00AA8CD4 /* XCRemoteSwiftPackageReference "swift-protobuf" */;
			productName = "protoc-gen-swift";
		};
		516FAE1B2D651C0600AA8CD4 /* FirebaseCore */ = {
			isa = XCSwiftPackageProductDependency;
			package = 516FAE1A2D651C0600AA8CD4 /* XCRemoteSwiftPackageReference "firebase-ios-sdk" */;
			productName = FirebaseCore;
		};
		516FAE1D2D651C0600AA8CD4 /* FirebaseDatabase */ = {
			isa = XCSwiftPackageProductDependency;
			package = 516FAE1A2D651C0600AA8CD4 /* XCRemoteSwiftPackageReference "firebase-ios-sdk" */;
			productName = FirebaseDatabase;
		};
		516FAE1F2D651C0600AA8CD4 /* FirebaseFirestore */ = {
			isa = XCSwiftPackageProductDependency;
			package = 516FAE1A2D651C0600AA8CD4 /* XCRemoteSwiftPackageReference "firebase-ios-sdk" */;
			productName = FirebaseFirestore;
		};
		516FAE212D651C0600AA8CD4 /* FirebaseFirestoreCombine-Community */ = {
			isa = XCSwiftPackageProductDependency;
			package = 516FAE1A2D651C0600AA8CD4 /* XCRemoteSwiftPackageReference "firebase-ios-sdk" */;
			productName = "FirebaseFirestoreCombine-Community";
		};
		516FAE232D651C0600AA8CD4 /* FirebaseStorage */ = {
			isa = XCSwiftPackageProductDependency;
			package = 516FAE1A2D651C0600AA8CD4 /* XCRemoteSwiftPackageReference "firebase-ios-sdk" */;
			productName = FirebaseStorage;
		};
		516FAE252D651C0600AA8CD4 /* FirebaseStorageCombine-Community */ = {
			isa = XCSwiftPackageProductDependency;
			package = 516FAE1A2D651C0600AA8CD4 /* XCRemoteSwiftPackageReference "firebase-ios-sdk" */;
			productName = "FirebaseStorageCombine-Community";
		};
/* End XCSwiftPackageProductDependency section */
	};
	rootObject = 516FADD52D64F4BA00AA8CD4 /* Project object */;
}
